
Microsoft Visual Studio Solution File, Format Version 12.00
# Visual Studio Version 16
VisualStudioVersion = 16.0.30413.136
MinimumVisualStudioVersion = 10.0.40219.1
Project("{2150E333-8FDC-42A3-9474-1A3956D46DE8}") = "0 - Presentation", "0 - Presentation", "{38A5521E-961B-4094-9B98-264A1AC23708}"
EndProject
Project("{2150E333-8FDC-42A3-9474-1A3956D46DE8}") = "1 - Service", "1 - Service", "{6E3F686C-14B5-471A-B724-2DF1B34AACEA}"
EndProject
Project("{2150E333-8FDC-42A3-9474-1A3956D46DE8}") = "2 - Application", "2 - Application", "{D8607C3B-779E-43D8-B799-9FDBE5E170D6}"
EndProject
Project("{2150E333-8FDC-42A3-9474-1A3956D46DE8}") = "3 - Domain", "3 - Domain", "{694C3346-D57A-4C45-894D-684D180A6CCE}"
EndProject
Project("{2150E333-8FDC-42A3-9474-1A3956D46DE8}") = "4 - Infrastructure", "4 - Infrastructure", "{0C17277A-EBDF-4037-8A1F-4765B6D6769B}"
EndProject
Project("{2150E333-8FDC-42A3-9474-1A3956D46DE8}") = "4.2 - Data", "4.2 - Data", "{79ACCE40-B872-4B90-9FEA-A6106B39B3E9}"
EndProject
Project("{9A19103F-16F7-4668-BE54-9A1E7A4F7556}") = "DecodeOficial.Infrastructure.Data", "DecodeOficial.Infrastructure.Data\DecodeOficial.Infrastructure.Data.csproj", "{BCB8D78A-ADF8-4D2B-991D-47F41AA3C1DB}"
EndProject
Project("{9A19103F-16F7-4668-BE54-9A1E7A4F7556}") = "DecodeOficial.Domain", "DecodeOficial.Domain\DecodeOficial.Domain.csproj", "{7F8FA090-D127-4121-8708-188149EB3168}"
EndProject
Project("{9A19103F-16F7-4668-BE54-9A1E7A4F7556}") = "DecodeOficial.Application", "DecodeOficial.Application\DecodeOficial.Application.csproj", "{D59E0336-1674-4270-9329-08DDB1857472}"
EndProject
Project("{9A19103F-16F7-4668-BE54-9A1E7A4F7556}") = "DecodeOficial.API", "DecodeOficial.API\DecodeOficial.API.csproj", "{8D5E9B37-9971-4370-958C-1701AB0E62A0}"
EndProject
Project("{2150E333-8FDC-42A3-9474-1A3956D46DE8}") = "Solution Items", "Solution Items", "{3955D4E0-278D-4110-9DD5-0145F7F8FD84}"
	ProjectSection(SolutionItems) = preProject
		docker-compose.yml = docker-compose.yml
		Dockerfile = Dockerfile
	EndProjectSection
EndProject
Global
	GlobalSection(SolutionConfigurationPlatforms) = preSolution
		Debug|Any CPU = Debug|Any CPU
		Release|Any CPU = Release|Any CPU
	EndGlobalSection
	GlobalSection(ProjectConfigurationPlatforms) = postSolution
		{BCB8D78A-ADF8-4D2B-991D-47F41AA3C1DB}.Debug|Any CPU.ActiveCfg = Debug|Any CPU
		{BCB8D78A-ADF8-4D2B-991D-47F41AA3C1DB}.Debug|Any CPU.Build.0 = Debug|Any CPU
		{BCB8D78A-ADF8-4D2B-991D-47F41AA3C1DB}.Release|Any CPU.ActiveCfg = Release|Any CPU
		{BCB8D78A-ADF8-4D2B-991D-47F41AA3C1DB}.Release|Any CPU.Build.0 = Release|Any CPU
		{7F8FA090-D127-4121-8708-188149EB3168}.Debug|Any CPU.ActiveCfg = Debug|Any CPU
		{7F8FA090-D127-4121-8708-188149EB3168}.Debug|Any CPU.Build.0 = Debug|Any CPU
		{7F8FA090-D127-4121-8708-188149EB3168}.Release|Any CPU.ActiveCfg = Release|Any CPU
		{7F8FA090-D127-4121-8708-188149EB3168}.Release|Any CPU.Build.0 = Release|Any CPU
		{D59E0336-1674-4270-9329-08DDB1857472}.Debug|Any CPU.ActiveCfg = Debug|Any CPU
		{D59E0336-1674-4270-9329-08DDB1857472}.Debug|Any CPU.Build.0 = Debug|Any CPU
		{D59E0336-1674-4270-9329-08DDB1857472}.Release|Any CPU.ActiveCfg = Release|Any CPU
		{D59E0336-1674-4270-9329-08DDB1857472}.Release|Any CPU.Build.0 = Release|Any CPU
		{8D5E9B37-9971-4370-958C-1701AB0E62A0}.Debug|Any CPU.ActiveCfg = Debug|Any CPU
		{8D5E9B37-9971-4370-958C-1701AB0E62A0}.Debug|Any CPU.Build.0 = Debug|Any CPU
		{8D5E9B37-9971-4370-958C-1701AB0E62A0}.Release|Any CPU.ActiveCfg = Release|Any CPU
		{8D5E9B37-9971-4370-958C-1701AB0E62A0}.Release|Any CPU.Build.0 = Release|Any CPU
	EndGlobalSection
	GlobalSection(SolutionProperties) = preSolution
		HideSolutionNode = FALSE
	EndGlobalSection
	GlobalSection(NestedProjects) = preSolution
		{79ACCE40-B872-4B90-9FEA-A6106B39B3E9} = {0C17277A-EBDF-4037-8A1F-4765B6D6769B}
		{BCB8D78A-ADF8-4D2B-991D-47F41AA3C1DB} = {79ACCE40-B872-4B90-9FEA-A6106B39B3E9}
		{7F8FA090-D127-4121-8708-188149EB3168} = {694C3346-D57A-4C45-894D-684D180A6CCE}
		{D59E0336-1674-4270-9329-08DDB1857472} = {D8607C3B-779E-43D8-B799-9FDBE5E170D6}
		{8D5E9B37-9971-4370-958C-1701AB0E62A0} = {6E3F686C-14B5-471A-B724-2DF1B34AACEA}
	EndGlobalSection
	GlobalSection(ExtensibilityGlobals) = postSolution
		SolutionGuid = {966AFA3C-A99E-4BC4-8A1A-C43457990554}
	EndGlobalSection
EndGlobal
